
Microsoft Visual Studio Solution File, Format Version 12.00
# Visual Studio Version 16
VisualStudioVersion = 16.0.29613.14
MinimumVisualStudioVersion = 10.0.40219.1
Project("{FAE04EC0-301F-11D3-BF4B-00C04F79EFBC}") = "KacikFryzjerski", "KacikFryzjerski\KacikFryzjerski.csproj", "{EFBB7E79-53A4-4FB5-92DF-F24D7D18296F}"
EndProject
Global
	GlobalSection(SolutionConfigurationPlatforms) = preSolution
		Debug|Any CPU = Debug|Any CPU
		Release|Any CPU = Release|Any CPU
	EndGlobalSection
	GlobalSection(ProjectConfigurationPlatforms) = postSolution
		{EFBB7E79-53A4-4FB5-92DF-F24D7D18296F}.Debug|Any CPU.ActiveCfg = Debug|Any CPU
		{EFBB7E79-53A4-4FB5-92DF-F24D7D18296F}.Debug|Any CPU.Build.0 = Debug|Any CPU
		{EFBB7E79-53A4-4FB5-92DF-F24D7D18296F}.Release|Any CPU.ActiveCfg = Release|Any CPU
		{EFBB7E79-53A4-4FB5-92DF-F24D7D18296F}.Release|Any CPU.Build.0 = Release|Any CPU
	EndGlobalSection
	GlobalSection(SolutionProperties) = preSolution
		HideSolutionNode = FALSE
	EndGlobalSection
	GlobalSection(ExtensibilityGlobals) = postSolution
		SolutionGuid = {E55F6DB4-0637-458E-8F49-3008403BA2C2}
	EndGlobalSection
EndGlobal
